<?xml version="1.0" encoding="utf-8"?>
<Project ToolsVersion="4.0" xmlns="http://schemas.microsoft.com/developer/msbuild/2003">
  <ItemGroup>
    <ClCompile Include="src\VulkanGraphicsContext.cpp" />
    <ClCompile Include="src\VulkanGraphicsSwapChain.cpp" />
    <ClCompile Include="src\VulkanGraphicsRenderer.cpp" />
    <ClCompile Include="src\VulkanGraphicsImageView.cpp" />
    <ClCompile Include="src\VulkanGraphicsRenderTarget.cpp" />
    <ClCompile Include="src\VulkanGraphicsProgram.cpp" />
    <ClCompile Include="src\VulkanGraphicsMemoryAllocator.cpp" />
    <ClCompile Include="src\VulkanGraphicsCommandBuffers.cpp" />
    <ClCompile Include="src\VulkanGraphicsVertexBuffer.cpp" />
    <ClCompile Include="src\VulkanGraphicsIndexBuffer.cpp" />
    <ClCompile Include="src\VulkanGraphicsOneTimeCommands.cpp" />
    <ClCompile Include="src\VulkanGraphicsPipeline.cpp" />
    <ClCompile Include="src\VulkanGraphicsObject.cpp" />
    <ClCompile Include="src\VulkanGraphicsMaterials.cpp" />
    <ClCompile Include="src\VulkanGraphicsDrawable.cpp" />
    <ClCompile Include="src\VulkanGraphicsDescriptors.cpp" />
    <ClCompile Include="src\VulkanGraphicsSampler.cpp" />
    <ClCompile Include="src\VulkanGraphicsImage.cpp" />
    <ClCompile Include="src\VulkanGraphicsSemaphore.cpp" />
    <ClCompile Include="src\VulkanGraphicsFence.cpp" />
    <ClCompile Include="src\VulkanGraphicsModelLibrary.cpp" />
    <ClCompile Include="src\VulkanGraphicsDescriptorPoolBuilder.cpp" />
    <ClCompile Include="src\VulkanGraphicsImageDownsampler.cpp" />
    <ClCompile Include="src\VulkanGraphicsCompute.cpp" />
    <ClCompile Include="src\VulkanGraphicsBuffer.cpp" />
    <ClCompile Include="src\VulkanGraphicsDepthStencilBuffer.cpp" />
  </ItemGroup>
  <ItemGroup>
    <ClInclude Include="include\VulkanGraphicsContext.h" />
    <ClInclude Include="include\VulkanGraphicsSwapChain.h" />
    <ClInclude Include="include\VulkanGraphicsRenderer.h" />
    <ClInclude Include="include\VulkanGraphicsImageView.h" />
    <ClInclude Include="include\VulkanGraphicsRenderTarget.h" />
    <ClInclude Include="include\VulkanGraphicsProgram.h" />
    <ClInclude Include="include\VulkanGraphicsPipeline.h" />
    <ClInclude Include="include\VulkanGraphicsMemoryAllocator.h" />
    <ClInclude Include="include\VulkanGraphicsCommandBuffers.h" />
    <ClInclude Include="include\VulkanGraphicsVertexBuffer.h" />
    <ClInclude Include="include\VulkanGraphicsIndexBuffer.h" />
    <ClInclude Include="include\VulkanGraphicsOneTimeCommands.h" />
    <ClInclude Include="include\VulkanGraphicsDrawable.h" />
    <ClInclude Include="include\VulkanGraphicsMaterials.h" />
    <ClInclude Include="include\VulkanGraphicsObject.h" />
    <ClInclude Include="include\VulkanGraphicsDescriptors.h" />
    <ClInclude Include="include\VulkanGraphicsImageDescriptorUpdaters.h" />
    <ClInclude Include="include\VulkanGraphicsImage.h" />
    <ClInclude Include="include\VulkanGraphicsSampler.h" />
    <ClInclude Include="include\VulkanGraphicsSemaphore.h" />
    <ClInclude Include="include\VulkanGraphicsFence.h" />
    <ClInclude Include="include\VulkanGraphicsModelLibrary.h" />
    <ClInclude Include="include\VulkanGraphicsDescriptorPoolBuilder.h" />
    <ClInclude Include="include\VulkanGraphicsImageDownsampler.h" />
    <ClInclude Include="include\VulkanGraphicsCompute.h" />
    <ClInclude Include="include\VulkanGraphicsBuffer.h" />
    <ClInclude Include="dependencies\SinglePassDownsamplerAMD\ffx_a.h">
      <Filter>Shaders</Filter>
    </ClInclude>
    <ClInclude Include="dependencies\SinglePassDownsamplerAMD\ffx_spd.h">
      <Filter>Shaders</Filter>
    </ClInclude>
    <ClInclude Include="include\VulkanGraphicsDepthStencilBuffer.h" />
  </ItemGroup>
  <ItemGroup>
    <Filter Include="Shaders">
      <UniqueIdentifier>{8fbe0dcd-4c89-4a5f-9ebb-84325ba21f88}</UniqueIdentifier>
    </Filter>
  </ItemGroup>
  <ItemGroup>
    <None Include="shaders\ndc_in_rgb_uv_out.vert">
      <Filter>Shaders</Filter>
    </None>
    <None Include="shaders\s_d0.0_rgb_uv_in.frag">
      <Filter>Shaders</Filter>
    </None>
    <None Include="shaders\s_d1.0_rgb_uv_in.frag">
      <Filter>Shaders</Filter>
    </None>
    <None Include="shaders\ub_d0.0_xyz_rgb_uv_in_rgb_uv_out.vert">
      <Filter>Shaders</Filter>
    </None>
    <None Include="shaders\README.md">
      <Filter>Shaders</Filter>
    </None>
    <None Include="shaders\compile.bat">
      <Filter>Shaders</Filter>
    </None>
    <None Include="dependencies\SinglePassDownsamplerAMD\compile_spd.bat">
      <Filter>Shaders</Filter>
    </None>
    <None Include="dependencies\SinglePassDownsamplerAMD\SPDIntegrationLinearSampler.glsl">
      <Filter>Shaders</Filter>
    </None>
  </ItemGroup>
</Project>