
Microsoft Visual Studio Solution File, Format Version 12.00
# Visual Studio Version 16
VisualStudioVersion = 16.0.31005.135
MinimumVisualStudioVersion = 10.0.40219.1
Project("{8BC9CEB8-8B4A-11D0-8D11-00A0C91BC942}") = "VulkanGraphicsEngineDemo", "VulkanGraphicsEngineDemo\VulkanGraphicsEngineDemo.vcxproj", "{8D7CC9EB-413E-4C95-AAC4-DB282DCBAAF0}"
EndProject
Project("{8BC9CEB8-8B4A-11D0-8D11-00A0C91BC942}") = "VulkanGraphicsEngine", "..\VulkanGraphicsEngine.vcxproj", "{638CD9B2-B756-43B8-9A52-FF8AD95B3586}"
EndProject
Global
	GlobalSection(SolutionConfigurationPlatforms) = preSolution
		Debug|x64 = Debug|x64
		Debug|x86 = Debug|x86
		Release|x64 = Release|x64
		Release|x86 = Release|x86
	EndGlobalSection
	GlobalSection(ProjectConfigurationPlatforms) = postSolution
		{8D7CC9EB-413E-4C95-AAC4-DB282DCBAAF0}.Debug|x64.ActiveCfg = Debug|x64
		{8D7CC9EB-413E-4C95-AAC4-DB282DCBAAF0}.Debug|x64.Build.0 = Debug|x64
		{8D7CC9EB-413E-4C95-AAC4-DB282DCBAAF0}.Debug|x86.ActiveCfg = Debug|Win32
		{8D7CC9EB-413E-4C95-AAC4-DB282DCBAAF0}.Debug|x86.Build.0 = Debug|Win32
		{8D7CC9EB-413E-4C95-AAC4-DB282DCBAAF0}.Release|x64.ActiveCfg = Release|x64
		{8D7CC9EB-413E-4C95-AAC4-DB282DCBAAF0}.Release|x64.Build.0 = Release|x64
		{8D7CC9EB-413E-4C95-AAC4-DB282DCBAAF0}.Release|x86.ActiveCfg = Release|Win32
		{8D7CC9EB-413E-4C95-AAC4-DB282DCBAAF0}.Release|x86.Build.0 = Release|Win32
		{638CD9B2-B756-43B8-9A52-FF8AD95B3586}.Debug|x64.ActiveCfg = Debug|x64
		{638CD9B2-B756-43B8-9A52-FF8AD95B3586}.Debug|x64.Build.0 = Debug|x64
		{638CD9B2-B756-43B8-9A52-FF8AD95B3586}.Debug|x86.ActiveCfg = Debug|Win32
		{638CD9B2-B756-43B8-9A52-FF8AD95B3586}.Debug|x86.Build.0 = Debug|Win32
		{638CD9B2-B756-43B8-9A52-FF8AD95B3586}.Release|x64.ActiveCfg = Release|x64
		{638CD9B2-B756-43B8-9A52-FF8AD95B3586}.Release|x64.Build.0 = Release|x64
		{638CD9B2-B756-43B8-9A52-FF8AD95B3586}.Release|x86.ActiveCfg = Release|Win32
		{638CD9B2-B756-43B8-9A52-FF8AD95B3586}.Release|x86.Build.0 = Release|Win32
	EndGlobalSection
	GlobalSection(SolutionProperties) = preSolution
		HideSolutionNode = FALSE
	EndGlobalSection
	GlobalSection(ExtensibilityGlobals) = postSolution
		SolutionGuid = {975AD923-EF7F-43AD-8073-158302C1DDF3}
	EndGlobalSection
EndGlobal
